
Microsoft Visual Studio Solution File, Format Version 12.00
# Visual Studio 15
VisualStudioVersion = 15.0.28010.2016
MinimumVisualStudioVersion = 10.0.40219.1
Project("{FAE04EC0-301F-11D3-BF4B-00C04F79EFBC}") = "Sandbox", "Sandbox\Sandbox.csproj", "{835553D4-5EC1-4D85-8800-EA88F4C0DFB5}"
EndProject
Global
	GlobalSection(SolutionConfigurationPlatforms) = preSolution
		Debug|Any CPU = Debug|Any CPU
		Release|Any CPU = Release|Any CPU
	EndGlobalSection
	GlobalSection(ProjectConfigurationPlatforms) = postSolution
		{835553D4-5EC1-4D85-8800-EA88F4C0DFB5}.Debug|Any CPU.ActiveCfg = Debug|Any CPU
		{835553D4-5EC1-4D85-8800-EA88F4C0DFB5}.Debug|Any CPU.Build.0 = Debug|Any CPU
		{835553D4-5EC1-4D85-8800-EA88F4C0DFB5}.Release|Any CPU.ActiveCfg = Release|Any CPU
		{835553D4-5EC1-4D85-8800-EA88F4C0DFB5}.Release|Any CPU.Build.0 = Release|Any CPU
	EndGlobalSection
	GlobalSection(SolutionProperties) = preSolution
		HideSolutionNode = FALSE
	EndGlobalSection
	GlobalSection(ExtensibilityGlobals) = postSolution
		SolutionGuid = {B59137E4-9135-48AE-BA29-FB02E577E9AE}
	EndGlobalSection
EndGlobal
